
Microsoft Visual Studio Solution File, Format Version 12.00
# Visual Studio 15
VisualStudioVersion = 15.0.26124.0
MinimumVisualStudioVersion = 15.0.26124.0
Project("{FAE04EC0-301F-11D3-BF4B-00C04F79EFBC}") = "Domain", "Domain\Domain.csproj", "{82F3083B-9DB4-40EC-AE19-65BAA84A5424}"
EndProject
Project("{FAE04EC0-301F-11D3-BF4B-00C04F79EFBC}") = "Application", "Application\Application.csproj", "{4656E71E-27CB-4222-9422-76A752B4DC39}"
EndProject
Project("{FAE04EC0-301F-11D3-BF4B-00C04F79EFBC}") = "Persistence", "Persistence\Persistence.csproj", "{7A05EE3F-3FDB-4B57-BB75-D3401EB0FF29}"
EndProject
Project("{FAE04EC0-301F-11D3-BF4B-00C04F79EFBC}") = "API", "API\API.csproj", "{6C7319D3-53E9-4AF8-AD4B-82A94A03E4D1}"
EndProject
Global
	GlobalSection(SolutionConfigurationPlatforms) = preSolution
		Debug|Any CPU = Debug|Any CPU
		Debug|x64 = Debug|x64
		Debug|x86 = Debug|x86
		Release|Any CPU = Release|Any CPU
		Release|x64 = Release|x64
		Release|x86 = Release|x86
	EndGlobalSection
	GlobalSection(SolutionProperties) = preSolution
		HideSolutionNode = FALSE
	EndGlobalSection
	GlobalSection(ProjectConfigurationPlatforms) = postSolution
		{82F3083B-9DB4-40EC-AE19-65BAA84A5424}.Debug|Any CPU.ActiveCfg = Debug|Any CPU
		{82F3083B-9DB4-40EC-AE19-65BAA84A5424}.Debug|Any CPU.Build.0 = Debug|Any CPU
		{82F3083B-9DB4-40EC-AE19-65BAA84A5424}.Debug|x64.ActiveCfg = Debug|Any CPU
		{82F3083B-9DB4-40EC-AE19-65BAA84A5424}.Debug|x64.Build.0 = Debug|Any CPU
		{82F3083B-9DB4-40EC-AE19-65BAA84A5424}.Debug|x86.ActiveCfg = Debug|Any CPU
		{82F3083B-9DB4-40EC-AE19-65BAA84A5424}.Debug|x86.Build.0 = Debug|Any CPU
		{82F3083B-9DB4-40EC-AE19-65BAA84A5424}.Release|Any CPU.ActiveCfg = Release|Any CPU
		{82F3083B-9DB4-40EC-AE19-65BAA84A5424}.Release|Any CPU.Build.0 = Release|Any CPU
		{82F3083B-9DB4-40EC-AE19-65BAA84A5424}.Release|x64.ActiveCfg = Release|Any CPU
		{82F3083B-9DB4-40EC-AE19-65BAA84A5424}.Release|x64.Build.0 = Release|Any CPU
		{82F3083B-9DB4-40EC-AE19-65BAA84A5424}.Release|x86.ActiveCfg = Release|Any CPU
		{82F3083B-9DB4-40EC-AE19-65BAA84A5424}.Release|x86.Build.0 = Release|Any CPU
		{4656E71E-27CB-4222-9422-76A752B4DC39}.Debug|Any CPU.ActiveCfg = Debug|Any CPU
		{4656E71E-27CB-4222-9422-76A752B4DC39}.Debug|Any CPU.Build.0 = Debug|Any CPU
		{4656E71E-27CB-4222-9422-76A752B4DC39}.Debug|x64.ActiveCfg = Debug|Any CPU
		{4656E71E-27CB-4222-9422-76A752B4DC39}.Debug|x64.Build.0 = Debug|Any CPU
		{4656E71E-27CB-4222-9422-76A752B4DC39}.Debug|x86.ActiveCfg = Debug|Any CPU
		{4656E71E-27CB-4222-9422-76A752B4DC39}.Debug|x86.Build.0 = Debug|Any CPU
		{4656E71E-27CB-4222-9422-76A752B4DC39}.Release|Any CPU.ActiveCfg = Release|Any CPU
		{4656E71E-27CB-4222-9422-76A752B4DC39}.Release|Any CPU.Build.0 = Release|Any CPU
		{4656E71E-27CB-4222-9422-76A752B4DC39}.Release|x64.ActiveCfg = Release|Any CPU
		{4656E71E-27CB-4222-9422-76A752B4DC39}.Release|x64.Build.0 = Release|Any CPU
		{4656E71E-27CB-4222-9422-76A752B4DC39}.Release|x86.ActiveCfg = Release|Any CPU
		{4656E71E-27CB-4222-9422-76A752B4DC39}.Release|x86.Build.0 = Release|Any CPU
		{7A05EE3F-3FDB-4B57-BB75-D3401EB0FF29}.Debug|Any CPU.ActiveCfg = Debug|Any CPU
		{7A05EE3F-3FDB-4B57-BB75-D3401EB0FF29}.Debug|Any CPU.Build.0 = Debug|Any CPU
		{7A05EE3F-3FDB-4B57-BB75-D3401EB0FF29}.Debug|x64.ActiveCfg = Debug|Any CPU
		{7A05EE3F-3FDB-4B57-BB75-D3401EB0FF29}.Debug|x64.Build.0 = Debug|Any CPU
		{7A05EE3F-3FDB-4B57-BB75-D3401EB0FF29}.Debug|x86.ActiveCfg = Debug|Any CPU
		{7A05EE3F-3FDB-4B57-BB75-D3401EB0FF29}.Debug|x86.Build.0 = Debug|Any CPU
		{7A05EE3F-3FDB-4B57-BB75-D3401EB0FF29}.Release|Any CPU.ActiveCfg = Release|Any CPU
		{7A05EE3F-3FDB-4B57-BB75-D3401EB0FF29}.Release|Any CPU.Build.0 = Release|Any CPU
		{7A05EE3F-3FDB-4B57-BB75-D3401EB0FF29}.Release|x64.ActiveCfg = Release|Any CPU
		{7A05EE3F-3FDB-4B57-BB75-D3401EB0FF29}.Release|x64.Build.0 = Release|Any CPU
		{7A05EE3F-3FDB-4B57-BB75-D3401EB0FF29}.Release|x86.ActiveCfg = Release|Any CPU
		{7A05EE3F-3FDB-4B57-BB75-D3401EB0FF29}.Release|x86.Build.0 = Release|Any CPU
		{6C7319D3-53E9-4AF8-AD4B-82A94A03E4D1}.Debug|Any CPU.ActiveCfg = Debug|Any CPU
		{6C7319D3-53E9-4AF8-AD4B-82A94A03E4D1}.Debug|Any CPU.Build.0 = Debug|Any CPU
		{6C7319D3-53E9-4AF8-AD4B-82A94A03E4D1}.Debug|x64.ActiveCfg = Debug|Any CPU
		{6C7319D3-53E9-4AF8-AD4B-82A94A03E4D1}.Debug|x64.Build.0 = Debug|Any CPU
		{6C7319D3-53E9-4AF8-AD4B-82A94A03E4D1}.Debug|x86.ActiveCfg = Debug|Any CPU
		{6C7319D3-53E9-4AF8-AD4B-82A94A03E4D1}.Debug|x86.Build.0 = Debug|Any CPU
		{6C7319D3-53E9-4AF8-AD4B-82A94A03E4D1}.Release|Any CPU.ActiveCfg = Release|Any CPU
		{6C7319D3-53E9-4AF8-AD4B-82A94A03E4D1}.Release|Any CPU.Build.0 = Release|Any CPU
		{6C7319D3-53E9-4AF8-AD4B-82A94A03E4D1}.Release|x64.ActiveCfg = Release|Any CPU
		{6C7319D3-53E9-4AF8-AD4B-82A94A03E4D1}.Release|x64.Build.0 = Release|Any CPU
		{6C7319D3-53E9-4AF8-AD4B-82A94A03E4D1}.Release|x86.ActiveCfg = Release|Any CPU
		{6C7319D3-53E9-4AF8-AD4B-82A94A03E4D1}.Release|x86.Build.0 = Release|Any CPU
	EndGlobalSection
EndGlobal
